// !$*UTF8*$!
{
	archiveVersion = 1;
	classes = {
	};
	objectVersion = 55;
	objects = {

/* Begin PBXBuildFile section */
		01C5B6E228BFBC0F00BE8975 /* AppDelegate.swift in Sources */ = {isa = PBXBuildFile; fileRef = 01C5B6E128BFBC0F00BE8975 /* AppDelegate.swift */; };
		01C5B6E428BFBC0F00BE8975 /* SceneDelegate.swift in Sources */ = {isa = PBXBuildFile; fileRef = 01C5B6E328BFBC0F00BE8975 /* SceneDelegate.swift */; };
		01C5B6E628BFBC0F00BE8975 /* ViewController.swift in Sources */ = {isa = PBXBuildFile; fileRef = 01C5B6E528BFBC0F00BE8975 /* ViewController.swift */; };
		01C5B6E928BFBC0F00BE8975 /* Main.storyboard in Resources */ = {isa = PBXBuildFile; fileRef = 01C5B6E728BFBC0F00BE8975 /* Main.storyboard */; };
		01C5B6EB28BFBC1200BE8975 /* Assets.xcassets in Resources */ = {isa = PBXBuildFile; fileRef = 01C5B6EA28BFBC1200BE8975 /* Assets.xcassets */; };
		01C5B6EE28BFBC1200BE8975 /* LaunchScreen.storyboard in Resources */ = {isa = PBXBuildFile; fileRef = 01C5B6EC28BFBC1200BE8975 /* LaunchScreen.storyboard */; };
		01C5B6F628BFBDEE00BE8975 /* NaviViewController.swift in Sources */ = {isa = PBXBuildFile; fileRef = 01C5B6F528BFBDEE00BE8975 /* NaviViewController.swift */; };
		01C5B6F828BFBE0800BE8975 /* CameraViewController.swift in Sources */ = {isa = PBXBuildFile; fileRef = 01C5B6F728BFBE0800BE8975 /* CameraViewController.swift */; };
		01C5B6FA28BFC1B500BE8975 /* SecondViewController.swift in Sources */ = {isa = PBXBuildFile; fileRef = 01C5B6F928BFC1B500BE8975 /* SecondViewController.swift */; };
		01C5B6FC28C03D5500BE8975 /* ThirdViewController.swift in Sources */ = {isa = PBXBuildFile; fileRef = 01C5B6FB28C03D5500BE8975 /* ThirdViewController.swift */; };
/* End PBXBuildFile section */

/* Begin PBXFileReference section */
		01C5B6DE28BFBC0F00BE8975 /* SplitScreenTest.app */ = {isa = PBXFileReference; explicitFileType = wrapper.application; includeInIndex = 0; path = SplitScreenTest.app; sourceTree = BUILT_PRODUCTS_DIR; };
		01C5B6E128BFBC0F00BE8975 /* AppDelegate.swift */ = {isa = PBXFileReference; lastKnownFileType = sourcecode.swift; path = AppDelegate.swift; sourceTree = "<group>"; };
		01C5B6E328BFBC0F00BE8975 /* SceneDelegate.swift */ = {isa = PBXFileReference; lastKnownFileType = sourcecode.swift; path = SceneDelegate.swift; sourceTree = "<group>"; };
		01C5B6E528BFBC0F00BE8975 /* ViewController.swift */ = {isa = PBXFileReference; lastKnownFileType = sourcecode.swift; path = ViewController.swift; sourceTree = "<group>"; };
		01C5B6E828BFBC0F00BE8975 /* Base */ = {isa = PBXFileReference; lastKnownFileType = file.storyboard; name = Base; path = Base.lproj/Main.storyboard; sourceTree = "<group>"; };
		01C5B6EA28BFBC1200BE8975 /* Assets.xcassets */ = {isa = PBXFileReference; lastKnownFileType = folder.assetcatalog; path = Assets.xcassets; sourceTree = "<group>"; };
		01C5B6ED28BFBC1200BE8975 /* Base */ = {isa = PBXFileReference; lastKnownFileType = file.storyboard; name = Base; path = Base.lproj/LaunchScreen.storyboard; sourceTree = "<group>"; };
		01C5B6EF28BFBC1200BE8975 /* Info.plist */ = {isa = PBXFileReference; lastKnownFileType = text.plist.xml; path = Info.plist; sourceTree = "<group>"; };
		01C5B6F528BFBDEE00BE8975 /* NaviViewController.swift */ = {isa = PBXFileReference; lastKnownFileType = sourcecode.swift; path = NaviViewController.swift; sourceTree = "<group>"; };
		01C5B6F728BFBE0800BE8975 /* CameraViewController.swift */ = {isa = PBXFileReference; lastKnownFileType = sourcecode.swift; path = CameraViewController.swift; sourceTree = "<group>"; };
		01C5B6F928BFC1B500BE8975 /* SecondViewController.swift */ = {isa = PBXFileReference; lastKnownFileType = sourcecode.swift; path = SecondViewController.swift; sourceTree = "<group>"; };
		01C5B6FB28C03D5500BE8975 /* ThirdViewController.swift */ = {isa = PBXFileReference; lastKnownFileType = sourcecode.swift; path = ThirdViewController.swift; sourceTree = "<group>"; };
/* End PBXFileReference section */

/* Begin PBXFrameworksBuildPhase section */
		01C5B6DB28BFBC0F00BE8975 /* Frameworks */ = {
			isa = PBXFrameworksBuildPhase;
			buildActionMask = 2147483647;
			files = (
			);
			runOnlyForDeploymentPostprocessing = 0;
		};
/* End PBXFrameworksBuildPhase section */

/* Begin PBXGroup section */
		01C5B6D528BFBC0F00BE8975 = {
			isa = PBXGroup;
			children = (
				01C5B6E028BFBC0F00BE8975 /* SplitScreenTest */,
				01C5B6DF28BFBC0F00BE8975 /* Products */,
			);
			sourceTree = "<group>";
		};
		01C5B6DF28BFBC0F00BE8975 /* Products */ = {
			isa = PBXGroup;
			children = (
				01C5B6DE28BFBC0F00BE8975 /* SplitScreenTest.app */,
			);
			name = Products;
			sourceTree = "<group>";
		};
		01C5B6E028BFBC0F00BE8975 /* SplitScreenTest */ = {
			isa = PBXGroup;
			children = (
				01C5B6E128BFBC0F00BE8975 /* AppDelegate.swift */,
				01C5B6E328BFBC0F00BE8975 /* SceneDelegate.swift */,
				01C5B6E528BFBC0F00BE8975 /* ViewController.swift */,
				01C5B6F728BFBE0800BE8975 /* CameraViewController.swift */,
				01C5B6F528BFBDEE00BE8975 /* NaviViewController.swift */,
				01C5B6F928BFC1B500BE8975 /* SecondViewController.swift */,
				01C5B6FB28C03D5500BE8975 /* ThirdViewController.swift */,
				01C5B6E728BFBC0F00BE8975 /* Main.storyboard */,
				01C5B6EA28BFBC1200BE8975 /* Assets.xcassets */,
				01C5B6EC28BFBC1200BE8975 /* LaunchScreen.storyboard */,
				01C5B6EF28BFBC1200BE8975 /* Info.plist */,
			);
			path = SplitScreenTest;
			sourceTree = "<group>";
		};
/* End PBXGroup section */

/* Begin PBXNativeTarget section */
		01C5B6DD28BFBC0F00BE8975 /* SplitScreenTest */ = {
			isa = PBXNativeTarget;
			buildConfigurationList = 01C5B6F228BFBC1200BE8975 /* Build configuration list for PBXNativeTarget "SplitScreenTest" */;
			buildPhases = (
				01C5B6DA28BFBC0F00BE8975 /* Sources */,
				01C5B6DB28BFBC0F00BE8975 /* Frameworks */,
				01C5B6DC28BFBC0F00BE8975 /* Resources */,
			);
			buildRules = (
			);
			dependencies = (
			);
			name = SplitScreenTest;
			productName = SplitScreenTest;
			productReference = 01C5B6DE28BFBC0F00BE8975 /* SplitScreenTest.app */;
			productType = "com.apple.product-type.application";
		};
/* End PBXNativeTarget section */

/* Begin PBXProject section */
		01C5B6D628BFBC0F00BE8975 /* Project object */ = {
			isa = PBXProject;
			attributes = {
				BuildIndependentTargetsInParallel = 1;
				LastSwiftUpdateCheck = 1340;
				LastUpgradeCheck = 1340;
				TargetAttributes = {
					01C5B6DD28BFBC0F00BE8975 = {
						CreatedOnToolsVersion = 13.4.1;
					};
				};
			};
			buildConfigurationList = 01C5B6D928BFBC0F00BE8975 /* Build configuration list for PBXProject "SplitScreenTest" */;
			compatibilityVersion = "Xcode 13.0";
			developmentRegion = en;
			hasScannedForEncodings = 0;
			knownRegions = (
				en,
				Base,
			);
			mainGroup = 01C5B6D528BFBC0F00BE8975;
			productRefGroup = 01C5B6DF28BFBC0F00BE8975 /* Products */;
			projectDirPath = "";
			projectRoot = "";
			targets = (
				01C5B6DD28BFBC0F00BE8975 /* SplitScreenTest */,
			);
		};
/* End PBXProject section */

/* Begin PBXResourcesBuildPhase section */
		01C5B6DC28BFBC0F00BE8975 /* Resources */ = {
			isa = PBXResourcesBuildPhase;
			buildActionMask = 2147483647;
			files = (
				01C5B6EE28BFBC1200BE8975 /* LaunchScreen.storyboard in Resources */,
				01C5B6EB28BFBC1200BE8975 /* Assets.xcassets in Resources */,
				01C5B6E928BFBC0F00BE8975 /* Main.storyboard in Resources */,
			);
			runOnlyForDeploymentPostprocessing = 0;
		};
/* End PBXResourcesBuildPhase section */

/* Begin PBXSourcesBuildPhase section */
		01C5B6DA28BFBC0F00BE8975 /* Sources */ = {
			isa = PBXSourcesBuildPhase;
			buildActionMask = 2147483647;
			files = (
				01C5B6FA28BFC1B500BE8975 /* SecondViewController.swift in Sources */,
				01C5B6F628BFBDEE00BE8975 /* NaviViewController.swift in Sources */,
				01C5B6F828BFBE0800BE8975 /* CameraViewController.swift in Sources */,
				01C5B6FC28C03D5500BE8975 /* ThirdViewController.swift in Sources */,
				01C5B6E628BFBC0F00BE8975 /* ViewController.swift in Sources */,
				01C5B6E228BFBC0F00BE8975 /* AppDelegate.swift in Sources */,
				01C5B6E428BFBC0F00BE8975 /* SceneDelegate.swift in Sources */,
			);
			runOnlyForDeploymentPostprocessing = 0;
		};
/* End PBXSourcesBuildPhase section */

/* Begin PBXVariantGroup section */
		01C5B6E728BFBC0F00BE8975 /* Main.storyboard */ = {
			isa = PBXVariantGroup;
			children = (
				01C5B6E828BFBC0F00BE8975 /* Base */,
			);
			name = Main.storyboard;
			sourceTree = "<group>";
		};
		01C5B6EC28BFBC1200BE8975 /* LaunchScreen.storyboard */ = {
			isa = PBXVariantGroup;
			children = (
				01C5B6ED28BFBC1200BE8975 /* Base */,
			);
			name = LaunchScreen.storyboard;
			sourceTree = "<group>";
		};
/* End PBXVariantGroup section */

/* Begin XCBuildConfiguration section */
		01C5B6F028BFBC1200BE8975 /* Debug */ = {
			isa = XCBuildConfiguration;
			buildSettings = {
				ALWAYS_SEARCH_USER_PATHS = NO;
				CLANG_ANALYZER_NONNULL = YES;
				CLANG_ANALYZER_NUMBER_OBJECT_CONVERSION = YES_AGGRESSIVE;
				CLANG_CXX_LANGUAGE_STANDARD = "gnu++17";
				CLANG_ENABLE_MODULES = YES;
				CLANG_ENABLE_OBJC_ARC = YES;
				CLANG_ENABLE_OBJC_WEAK = YES;
				CLANG_WARN_BLOCK_CAPTURE_AUTORELEASING = YES;
				CLANG_WARN_BOOL_CONVERSION = YES;
				CLANG_WARN_COMMA = YES;
				CLANG_WARN_CONSTANT_CONVERSION = YES;
				CLANG_WARN_DEPRECATED_OBJC_IMPLEMENTATIONS = YES;
				CLANG_WARN_DIRECT_OBJC_ISA_USAGE = YES_ERROR;
				CLANG_WARN_DOCUMENTATION_COMMENTS = YES;
				CLANG_WARN_EMPTY_BODY = YES;
				CLANG_WARN_ENUM_CONVERSION = YES;
				CLANG_WARN_INFINITE_RECURSION = YES;
				CLANG_WARN_INT_CONVERSION = YES;
				CLANG_WARN_NON_LITERAL_NULL_CONVERSION = YES;
				CLANG_WARN_OBJC_IMPLICIT_RETAIN_SELF = YES;
				CLANG_WARN_OBJC_LITERAL_CONVERSION = YES;
				CLANG_WARN_OBJC_ROOT_CLASS = YES_ERROR;
				CLANG_WARN_QUOTED_INCLUDE_IN_FRAMEWORK_HEADER = YES;
				CLANG_WARN_RANGE_LOOP_ANALYSIS = YES;
				CLANG_WARN_STRICT_PROTOTYPES = YES;
				CLANG_WARN_SUSPICIOUS_MOVE = YES;
				CLANG_WARN_UNGUARDED_AVAILABILITY = YES_AGGRESSIVE;
				CLANG_WARN_UNREACHABLE_CODE = YES;
				CLANG_WARN__DUPLICATE_METHOD_MATCH = YES;
				COPY_PHASE_STRIP = NO;
				DEBUG_INFORMATION_FORMAT = dwarf;
				ENABLE_STRICT_OBJC_MSGSEND = YES;
				ENABLE_TESTABILITY = YES;
				GCC_C_LANGUAGE_STANDARD = gnu11;
				GCC_DYNAMIC_NO_PIC = NO;
				GCC_NO_COMMON_BLOCKS = YES;
				GCC_OPTIMIZATION_LEVEL = 0;
				GCC_PREPROCESSOR_DEFINITIONS = (
					"DEBUG=1",
					"$(inherited)",
				);
				GCC_WARN_64_TO_32_BIT_CONVERSION = YES;
				GCC_WARN_ABOUT_RETURN_TYPE = YES_ERROR;
				GCC_WARN_UNDECLARED_SELECTOR = YES;
				GCC_WARN_UNINITIALIZED_AUTOS = YES_AGGRESSIVE;
				GCC_WARN_UNUSED_FUNCTION = YES;
				GCC_WARN_UNUSED_VARIABLE = YES;
				IPHONEOS_DEPLOYMENT_TARGET = 15.5;
				MTL_ENABLE_DEBUG_INFO = INCLUDE_SOURCE;
				MTL_FAST_MATH = YES;
				ONLY_ACTIVE_ARCH = YES;
				SDKROOT = iphoneos;
				SWIFT_ACTIVE_COMPILATION_CONDITIONS = DEBUG;
				SWIFT_OPTIMIZATION_LEVEL = "-Onone";
			};
			name = Debug;
		};
		01C5B6F128BFBC1200BE8975 /* Release */ = {
			isa = XCBuildConfiguration;
			buildSettings = {
				ALWAYS_SEARCH_USER_PATHS = NO;
				CLANG_ANALYZER_NONNULL = YES;
				CLANG_ANALYZER_NUMBER_OBJECT_CONVERSION = YES_AGGRESSIVE;
				CLANG_CXX_LANGUAGE_STANDARD = "gnu++17";
				CLANG_ENABLE_MODULES = YES;
				CLANG_ENABLE_OBJC_ARC = YES;
				CLANG_ENABLE_OBJC_WEAK = YES;
				CLANG_WARN_BLOCK_CAPTURE_AUTORELEASING = YES;
				CLANG_WARN_BOOL_CONVERSION = YES;
				CLANG_WARN_COMMA = YES;
				CLANG_WARN_CONSTANT_CONVERSION = YES;
				CLANG_WARN_DEPRECATED_OBJC_IMPLEMENTATIONS = YES;
				CLANG_WARN_DIRECT_OBJC_ISA_USAGE = YES_ERROR;
				CLANG_WARN_DOCUMENTATION_COMMENTS = YES;
				CLANG_WARN_EMPTY_BODY = YES;
				CLANG_WARN_ENUM_CONVERSION = YES;
				CLANG_WARN_INFINITE_RECURSION = YES;
				CLANG_WARN_INT_CONVERSION = YES;
				CLANG_WARN_NON_LITERAL_NULL_CONVERSION = YES;
				CLANG_WARN_OBJC_IMPLICIT_RETAIN_SELF = YES;
				CLANG_WARN_OBJC_LITERAL_CONVERSION = YES;
				CLANG_WARN_OBJC_ROOT_CLASS = YES_ERROR;
				CLANG_WARN_QUOTED_INCLUDE_IN_FRAMEWORK_HEADER = YES;
				CLANG_WARN_RANGE_LOOP_ANALYSIS = YES;
				CLANG_WARN_STRICT_PROTOTYPES = YES;
				CLANG_WARN_SUSPICIOUS_MOVE = YES;
				CLANG_WARN_UNGUARDED_AVAILABILITY = YES_AGGRESSIVE;
				CLANG_WARN_UNREACHABLE_CODE = YES;
				CLANG_WARN__DUPLICATE_METHOD_MATCH = YES;
				COPY_PHASE_STRIP = NO;
				DEBUG_INFORMATION_FORMAT = "dwarf-with-dsym";
				ENABLE_NS_ASSERTIONS = NO;
				ENABLE_STRICT_OBJC_MSGSEND = YES;
				GCC_C_LANGUAGE_STANDARD = gnu11;
				GCC_NO_COMMON_BLOCKS = YES;
				GCC_WARN_64_TO_32_BIT_CONVERSION = YES;
				GCC_WARN_ABOUT_RETURN_TYPE = YES_ERROR;
				GCC_WARN_UNDECLARED_SELECTOR = YES;
				GCC_WARN_UNINITIALIZED_AUTOS = YES_AGGRESSIVE;
				GCC_WARN_UNUSED_FUNCTION = YES;
				GCC_WARN_UNUSED_VARIABLE = YES;
				IPHONEOS_DEPLOYMENT_TARGET = 15.5;
				MTL_ENABLE_DEBUG_INFO = NO;
				MTL_FAST_MATH = YES;
				SDKROOT = iphoneos;
				SWIFT_COMPILATION_MODE = wholemodule;
				SWIFT_OPTIMIZATION_LEVEL = "-O";
				VALIDATE_PRODUCT = YES;
			};
			name = Release;
		};
		01C5B6F328BFBC1200BE8975 /* Debug */ = {
			isa = XCBuildConfiguration;
			buildSettings = {
				ASSETCATALOG_COMPILER_APPICON_NAME = AppIcon;
				ASSETCATALOG_COMPILER_GLOBAL_ACCENT_COLOR_NAME = AccentColor;
				CODE_SIGN_STYLE = Automatic;
				CURRENT_PROJECT_VERSION = 1;
				DEVELOPMENT_TEAM = XP44KJ6JB3;
				GENERATE_INFOPLIST_FILE = YES;
				INFOPLIST_FILE = SplitScreenTest/Info.plist;
				INFOPLIST_KEY_UIApplicationSupportsIndirectInputEvents = YES;
				INFOPLIST_KEY_UILaunchStoryboardName = LaunchScreen;
				INFOPLIST_KEY_UIMainStoryboardFile = Main;
				INFOPLIST_KEY_UISupportedInterfaceOrientations_iPad = "UIInterfaceOrientationPortrait UIInterfaceOrientationPortraitUpsideDown UIInterfaceOrientationLandscapeLeft UIInterfaceOrientationLandscapeRight";
				INFOPLIST_KEY_UISupportedInterfaceOrientations_iPhone = "UIInterfaceOrientationPortrait UIInterfaceOrientationLandscapeLeft UIInterfaceOrientationLandscapeRight";
				LD_RUNPATH_SEARCH_PATHS = (
					"$(inherited)",
					"@executable_path/Frameworks",
				);
				MARKETING_VERSION = 1.0;
				PRODUCT_BUNDLE_IDENTIFIER = com.ywangnon.SplitScreenTest;
				PRODUCT_NAME = "$(TARGET_NAME)";
				SWIFT_EMIT_LOC_STRINGS = YES;
				SWIFT_VERSION = 5.0;
				TARGETED_DEVICE_FAMILY = "1,2";
			};
			name = Debug;
		};
		01C5B6F428BFBC1200BE8975 /* Release */ = {
			isa = XCBuildConfiguration;
			buildSettings = {
				ASSETCATALOG_COMPILER_APPICON_NAME = AppIcon;
				ASSETCATALOG_COMPILER_GLOBAL_ACCENT_COLOR_NAME = AccentColor;
				CODE_SIGN_STYLE = Automatic;
				CURRENT_PROJECT_VERSION = 1;
				DEVELOPMENT_TEAM = XP44KJ6JB3;
				GENERATE_INFOPLIST_FILE = YES;
				INFOPLIST_FILE = SplitScreenTest/Info.plist;
				INFOPLIST_KEY_UIApplicationSupportsIndirectInputEvents = YES;
				INFOPLIST_KEY_UILaunchStoryboardName = LaunchScreen;
				INFOPLIST_KEY_UIMainStoryboardFile = Main;
				INFOPLIST_KEY_UISupportedInterfaceOrientations_iPad = "UIInterfaceOrientationPortrait UIInterfaceOrientationPortraitUpsideDown UIInterfaceOrientationLandscapeLeft UIInterfaceOrientationLandscapeRight";
				INFOPLIST_KEY_UISupportedInterfaceOrientations_iPhone = "UIInterfaceOrientationPortrait UIInterfaceOrientationLandscapeLeft UIInterfaceOrientationLandscapeRight";
				LD_RUNPATH_SEARCH_PATHS = (
					"$(inherited)",
					"@executable_path/Frameworks",
				);
				MARKETING_VERSION = 1.0;
				PRODUCT_BUNDLE_IDENTIFIER = com.ywangnon.SplitScreenTest;
				PRODUCT_NAME = "$(TARGET_NAME)";
				SWIFT_EMIT_LOC_STRINGS = YES;
				SWIFT_VERSION = 5.0;
				TARGETED_DEVICE_FAMILY = "1,2";
			};
			name = Release;
		};
/* End XCBuildConfiguration section */

/* Begin XCConfigurationList section */
		01C5B6D928BFBC0F00BE8975 /* Build configuration list for PBXProject "SplitScreenTest" */ = {
			isa = XCConfigurationList;
			buildConfigurations = (
				01C5B6F028BFBC1200BE8975 /* Debug */,
				01C5B6F128BFBC1200BE8975 /* Release */,
			);
			defaultConfigurationIsVisible = 0;
			defaultConfigurationName = Release;
		};
		01C5B6F228BFBC1200BE8975 /* Build configuration list for PBXNativeTarget "SplitScreenTest" */ = {
			isa = XCConfigurationList;
			buildConfigurations = (
				01C5B6F328BFBC1200BE8975 /* Debug */,
				01C5B6F428BFBC1200BE8975 /* Release */,
			);
			defaultConfigurationIsVisible = 0;
			defaultConfigurationName = Release;
		};
/* End XCConfigurationList section */
	};
	rootObject = 01C5B6D628BFBC0F00BE8975 /* Project object */;
}
